github.com/BurntSushi/toml v1.5.0 h1:W5quZX/G/csjUnuI8SUYlsHs9M38FC7znL0lIO+DvMg=
github.com/BurntSushi/toml v1.5.0/go.mod h1:ukJfTF/6rtPPRCnwkur4qwRxa8vTRFBF0uk2lLoLwho=
github.com/MicahParks/jwkset v0.11.0 h1:yc0zG+jCvZpWgFDFmvs8/8jqqVBG9oyIbmBtmjOhoyQ=
github.com/MicahParks/jwkset v0.11.0/go.mod h1:U2oRhRaLgDCLjtpGL2GseNKGmZtLs/3O7p+OZaL5vo0=
github.com/MicahParks/keyfunc/v3 v3.7.0 h1:pdafUNyq+p3ZlvjJX1HWFP7MA3+cLpDtg69U3kITJGM=
github.com/MicahParks/keyfunc/v3 v3.7.0/go.mod h1:z66bkCviwqfg2YUp+Jcc/xRE9IXLcMq6DrgV/+Htru0=
github.com/aws/aws-sdk-go v1.55.8 h1:JRmEUbU52aJQZ2AjX4q4Wu7t4uZjOu71uyNmaWlUkJQ=
github.com/aws/aws-sdk-go v1.55.8/go.mod h1:ZkViS9AqA6otK+JBBNH2++sx1sgxrPKcSzPPvQkUtXk=
github.com/bmatcuk/doublestar/v4 v4.9.1 h1:X8jg9rRZmJd4yRy7ZeNDRnM+T3ZfHv15JiBJ/avrEXE=
github.com/bmatcuk/doublestar/v4 v4.9.1/go.mod h1:xBQ8jztBU6kakFMg+8WGxn0c6z1fTSPVIjEY1Wr7jzc=
github.com/davecgh/go-spew v1.1.0/go.mod h1:J7Y8YcW2NihsgmVo/mv3lAwl/skON4iLHjSsI+c5H38=
github.com/davecgh/go-spew v1.1.1 h1:vj9j/u1bqnvCEfJOwUhtlOARqs3+rkHYY13jYWTU97c=
github.com/davecgh/go-spew v1.1.1/go.mod h1:J7Y8YcW2NihsgmVo/mv3lAwl/skON4iLHjSsI+c5H38=
github.com/fatih/color v1.18.0 h1:S8gINlzdQ840/4pfAwic/ZE0djQEH3wM94VfqLTZcOM=
github.com/fatih/color v1.18.0/go.mod h1:4FelSpRwEGDpQ12mAdzqdOukCy4u8WUtOY6lkT/6HfU=
github.com/goccy/go-yaml v1.17.2-0.20250508142621-500180b7b722 h1:DHc9BORDIxpXjHd9UN4FUWmW82bTzDMokb5f05GEYA8=
github.com/goccy/go-yaml v1.17.2-0.20250508142621-500180b7b722/go.mod h1:XBurs7gK8ATbW4ZPGKgcbrY1Br56PdM69F7LkFRi1kA=
github.com/golang-jwt/jwt/v5 v5.3.0 h1:pv4AsKCKKZuqlgs5sUmn4x8UlGa0kEVt/puTpKx9vvo=
github.com/golang-jwt/jwt/v5 v5.3.0/go.mod h1:fxCRLWMO43lRc8nhHWY6LGqRcf+1gQWArsqaEUEa5bE=
github.com/google/go-cmp v0.6.0 h1:ofyhxvXcZhMsU5ulbFiLKl/XBFqE1GSq7atu8tAmTRI=
github.com/google/go-cmp v0.6.0/go.mod h1:17dUlkBOakJ0+DkrSSNjCkIjxS6bF9zb3elmeNGIjoY=
github.com/hashicorp/go-cleanhttp v0.5.2 h1:035FKYIWjmULyFRBKPs8TBQoi0x6d9G4xc9neXJWAZQ=
github.com/hashicorp/go-cleanhttp v0.5.2/go.mod h1:kO/YDlP8L1346E6Sodw+PrpBSV4/SoxCXGY6BqNFT48=
github.com/hashicorp/go-hclog v1.6.3 h1:Qr2kF+eVWjTiYmU7Y31tYlP1h0q/X3Nl3tPGdaB11/k=
github.com/hashicorp/go-hclog v1.6.3/go.mod h1:W4Qnvbt70Wk/zYJryRzDRU/4r0kIg0PVHBcfoyhpF5M=
github.com/hashicorp/go-retryablehttp v0.7.8 h1:ylXZWnqa7Lhqpk0L1P1LzDtGcCR0rPVUrx/c8Unxc48=
github.com/hashicorp/go-retryablehttp v0.7.8/go.mod h1:rjiScheydd+CxvumBsIrFKlx3iS0jrZ7LvzFGFmuKbw=
github.com/jmespath/go-jmespath v0.4.0 h1:BEgLn5cpjn8UN1mAw4NjwDrS35OdebyEtFe+9YPoQUg=
github.com/jmespath/go-jmespath v0.4.0/go.mod h1:T8mJZnbsbmF+m6zOOFylbeCJqk5+pHWvzYPziyZiYoo=
github.com/jmespath/go-jmespath/internal/testify v1.5.1 h1:shLQSRRSCCPj3f2gpwzGwWFoC7ycTf1rcQZHOlsJ6N8=
github.com/jmespath/go-jmespath/internal/testify v1.5.1/go.mod h1:L3OGu8Wl2/fWfCI6z80xFu9LTZmf1ZRjMHUOPmWr69U=
github.com/mattn/go-colorable v0.1.14 h1:9A9LHSqF/7dyVVX6g0U9cwm9pG3kP9gSzcuIPHPsaIE=
github.com/mattn/go-colorable v0.1.14/go.mod h1:6LmQG8QLFO4G5z1gPvYEzlUgJ2wF+stgPZH1UqBm1s8=
github.com/mattn/go-isatty v0.0.20 h1:xfD0iDuEKnDkl03q4limB+vH+GxLEtL/jb4xVJSWWEY=
github.com/mattn/go-isatty v0.0.20/go.mod h1:W+V8PltTTMOvKvAeJH7IuucS94S2C6jfK/D7dTCTo3Y=
github.com/nobl9/govy v0.20.0 h1:8BV2ko3OJLFWYa0K9GDwt9oKllax9yOaSAj3PUqfXC0=
github.com/nobl9/govy v0.20.0/go.mod h1:DN0zA5jtaHrb+uKPATycrlr7HRJy27QUaUg8LEeTsxo=
github.com/pkg/errors v0.9.1 h1:FEBLx1zS214owpjy7qsBeixbURkuhQAwrK5UwLGTwt4=
github.com/pkg/errors v0.9.1/go.mod h1:bwawxfHBFNV+L2hUp1rHADufV3IMtnDRdf1r5NINEl0=
github.com/pmezard/go-difflib v1.0.0 h1:4DBwDE0NGyQoBHbLQYPwSUPoCMWR5BEzIk/f1lZbAQM=
github.com/pmezard/go-difflib v1.0.0/go.mod h1:iKH77koFhYxTK1pcRnkKkqfTogsbg7gZNVY4sRDYZ/4=
github.com/stretchr/objx v0.1.0/go.mod h1:HFkY916IF+rwdDfMAkV7OtwuqBVzrE8GR6GFx+wExME=
github.com/stretchr/testify v1.11.1 h1:7s2iGBzp5EwR7/aIZr8ao5+dra3wiQyKjjFuvgVKu7U=
github.com/stretchr/testify v1.11.1/go.mod h1:wZwfW3scLgRK+23gO65QZefKpKQRnfz6sD981Nm4B6U=
github.com/teambition/rrule-go v1.8.2 h1:lIjpjvWTj9fFUZCmuoVDrKVOtdiyzbzc93qTmRVe/J8=
github.com/teambition/rrule-go v1.8.2/go.mod h1:Ieq5AbrKGciP1V//Wq8ktsTXwSwJHDD5mD/wLBGl3p4=
golang.org/x/exp v0.0.0-20250305212735-054e65f0b394 h1:nDVHiLt8aIbd/VzvPWN6kSOPE7+F/fNFDSXLVYkE/Iw=
golang.org/x/exp v0.0.0-20250305212735-054e65f0b394/go.mod h1:sIifuuw/Yco/y6yb6+bDNfyeQ/MdPUy/hKEMYQV17cM=
golang.org/x/mod v0.28.0 h1:gQBtGhjxykdjY9YhZpSlZIsbnaE2+PgjfLWUQTnoZ1U=
golang.org/x/mod v0.28.0/go.mod h1:yfB/L0NOf/kmEbXjzCPOx1iK1fRutOydrCMsqRhEBxI=
golang.org/x/sync v0.17.0 h1:l60nONMj9l5drqw6jlhIELNv9I0A4OFgRsG9k2oT9Ug=
golang.org/x/sync v0.17.0/go.mod h1:9KTHXmSnoGruLpwFjVSX0lNNA75CykiMECbovNTZqGI=
golang.org/x/sys v0.36.0 h1:KVRy2GtZBrk1cBYA7MKu5bEZFxQk4NIDV6RLVcC8o0k=
golang.org/x/sys v0.36.0/go.mod h1:OgkHotnGiDImocRcuBABYBEXf8A9a87e/uXjp9XT3ks=
golang.org/x/text v0.30.0 h1:yznKA/E9zq54KzlzBEAWn1NXSQ8DIp/NYMy88xJjl4k=
golang.org/x/text v0.30.0/go.mod h1:yDdHFIX9t+tORqspjENWgzaCVXgk0yYnYuSZ8UzzBVM=
golang.org/x/time v0.14.0 h1:MRx4UaLrDotUKUdCIqzPC48t1Y9hANFKIRpNx+Te8PI=
golang.org/x/time v0.14.0/go.mod h1:eL/Oa2bBBK0TkX57Fyni+NgnyQQN4LitPmob2Hjnqw4=
golang.org/x/tools v0.37.0 h1:DVSRzp7FwePZW356yEAChSdNcQo6Nsp+fex1SUW09lE=
golang.org/x/tools v0.37.0/go.mod h1:MBN5QPQtLMHVdvsbtarmTNukZDdgwdwlO5qGacAzF0w=
gopkg.in/check.v1 v0.0.0-20161208181325-20d25e280405 h1:yhCVgyC4o1eVCa2tZl7eS0r+SDo693bJlVdllGtEeKM=
gopkg.in/check.v1 v0.0.0-20161208181325-20d25e280405/go.mod h1:Co6ibVJAznAaIkqp8huTwlJQCZ016jof/cbN4VW5Yz0=
gopkg.in/yaml.v2 v2.2.8 h1:obN1ZagJSUGI0Ek/LBmuj4SNLPfIny3KsKFopxRdj10=
gopkg.in/yaml.v2 v2.2.8/go.mod h1:hI93XBmqTisBFMUTm0b8Fm+jr3Dg1NNxqwp+5A1VGuI=
gopkg.in/yaml.v3 v3.0.1 h1:fxVm/GzAzEWqLHuvctI91KS9hhNmmWOoWu0XTYJS7CA=
gopkg.in/yaml.v3 v3.0.1/go.mod h1:K4uyk7z7BCEPqu6E+C64Yfv1cQ7kz7rIZviUmN+EgEM=
